// !$*UTF8*$!
{
	archiveVersion = 1;
	classes = {
	};
	objectVersion = 50;
	objects = {

/* Begin PBXBuildFile section */
		8B2C8D5F2541DC3900239466 /* PlaceholdersApp.swift in Sources */ = {isa = PBXBuildFile; fileRef = 8B2C8D5E2541DC3900239466 /* PlaceholdersApp.swift */; };
		8B2C8D632541DC3C00239466 /* Assets.xcassets in Resources */ = {isa = PBXBuildFile; fileRef = 8B2C8D622541DC3C00239466 /* Assets.xcassets */; };
		8B2C8D662541DC3C00239466 /* Preview Assets.xcassets in Resources */ = {isa = PBXBuildFile; fileRef = 8B2C8D652541DC3C00239466 /* Preview Assets.xcassets */; };
		8BF148A725480487005A4036 /* Article.swift in Sources */ = {isa = PBXBuildFile; fileRef = 8BF148A625480487005A4036 /* Article.swift */; };
		8BF148AA25480491005A4036 /* ViewModel.swift in Sources */ = {isa = PBXBuildFile; fileRef = 8BF148A925480491005A4036 /* ViewModel.swift */; };
		8BF148B325480E66005A4036 /* RedactionType.swift in Sources */ = {isa = PBXBuildFile; fileRef = 8BF148B225480E66005A4036 /* RedactionType.swift */; };
		8BF148B625480EF8005A4036 /* Placeholders.swift in Sources */ = {isa = PBXBuildFile; fileRef = 8BF148B525480EF8005A4036 /* Placeholders.swift */; };
		8BF148B925481044005A4036 /* ContentView.swift in Sources */ = {isa = PBXBuildFile; fileRef = 8BF148B825481044005A4036 /* ContentView.swift */; };
/* End PBXBuildFile section */

/* Begin PBXFileReference section */
		8B2C8D5B2541DC3900239466 /* Placeholders.app */ = {isa = PBXFileReference; explicitFileType = wrapper.application; includeInIndex = 0; path = Placeholders.app; sourceTree = BUILT_PRODUCTS_DIR; };
		8B2C8D5E2541DC3900239466 /* PlaceholdersApp.swift */ = {isa = PBXFileReference; lastKnownFileType = sourcecode.swift; path = PlaceholdersApp.swift; sourceTree = "<group>"; };
		8B2C8D622541DC3C00239466 /* Assets.xcassets */ = {isa = PBXFileReference; lastKnownFileType = folder.assetcatalog; path = Assets.xcassets; sourceTree = "<group>"; };
		8B2C8D652541DC3C00239466 /* Preview Assets.xcassets */ = {isa = PBXFileReference; lastKnownFileType = folder.assetcatalog; path = "Preview Assets.xcassets"; sourceTree = "<group>"; };
		8B2C8D672541DC3C00239466 /* Info.plist */ = {isa = PBXFileReference; lastKnownFileType = text.plist.xml; path = Info.plist; sourceTree = "<group>"; };
		8BF148A625480487005A4036 /* Article.swift */ = {isa = PBXFileReference; lastKnownFileType = sourcecode.swift; path = Article.swift; sourceTree = "<group>"; };
		8BF148A925480491005A4036 /* ViewModel.swift */ = {isa = PBXFileReference; lastKnownFileType = sourcecode.swift; path = ViewModel.swift; sourceTree = "<group>"; };
		8BF148B225480E66005A4036 /* RedactionType.swift */ = {isa = PBXFileReference; lastKnownFileType = sourcecode.swift; path = RedactionType.swift; sourceTree = "<group>"; };
		8BF148B525480EF8005A4036 /* Placeholders.swift */ = {isa = PBXFileReference; lastKnownFileType = sourcecode.swift; path = Placeholders.swift; sourceTree = "<group>"; };
		8BF148B825481044005A4036 /* ContentView.swift */ = {isa = PBXFileReference; lastKnownFileType = sourcecode.swift; path = ContentView.swift; sourceTree = "<group>"; };
/* End PBXFileReference section */

/* Begin PBXFrameworksBuildPhase section */
		8B2C8D582541DC3900239466 /* Frameworks */ = {
			isa = PBXFrameworksBuildPhase;
			buildActionMask = 2147483647;
			files = (
			);
			runOnlyForDeploymentPostprocessing = 0;
		};
/* End PBXFrameworksBuildPhase section */

/* Begin PBXGroup section */
		8B2C8D522541DC3900239466 = {
			isa = PBXGroup;
			children = (
				8B2C8D5D2541DC3900239466 /* Placeholders */,
				8B2C8D5C2541DC3900239466 /* Products */,
			);
			sourceTree = "<group>";
		};
		8B2C8D5C2541DC3900239466 /* Products */ = {
			isa = PBXGroup;
			children = (
				8B2C8D5B2541DC3900239466 /* Placeholders.app */,
			);
			name = Products;
			sourceTree = "<group>";
		};
		8B2C8D5D2541DC3900239466 /* Placeholders */ = {
			isa = PBXGroup;
			children = (
				8B2C8D5E2541DC3900239466 /* PlaceholdersApp.swift */,
				8B2C8D622541DC3C00239466 /* Assets.xcassets */,
				8B2C8D672541DC3C00239466 /* Info.plist */,
				8B2C8D642541DC3C00239466 /* Preview Content */,
				8BF148A625480487005A4036 /* Article.swift */,
				8BF148A925480491005A4036 /* ViewModel.swift */,
				8BF148B825481044005A4036 /* ContentView.swift */,
				8BF148B225480E66005A4036 /* RedactionType.swift */,
				8BF148B525480EF8005A4036 /* Placeholders.swift */,
			);
			path = Placeholders;
			sourceTree = "<group>";
		};
		8B2C8D642541DC3C00239466 /* Preview Content */ = {
			isa = PBXGroup;
			children = (
				8B2C8D652541DC3C00239466 /* Preview Assets.xcassets */,
			);
			path = "Preview Content";
			sourceTree = "<group>";
		};
/* End PBXGroup section */

/* Begin PBXNativeTarget section */
		8B2C8D5A2541DC3900239466 /* Placeholders */ = {
			isa = PBXNativeTarget;
			buildConfigurationList = 8B2C8D6A2541DC3C00239466 /* Build configuration list for PBXNativeTarget "Placeholders" */;
			buildPhases = (
				8B2C8D572541DC3900239466 /* Sources */,
				8B2C8D582541DC3900239466 /* Frameworks */,
				8B2C8D592541DC3900239466 /* Resources */,
			);
			buildRules = (
			);
			dependencies = (
			);
			name = Placeholders;
			productName = Placeholders;
			productReference = 8B2C8D5B2541DC3900239466 /* Placeholders.app */;
			productType = "com.apple.product-type.application";
		};
/* End PBXNativeTarget section */

/* Begin PBXProject section */
		8B2C8D532541DC3900239466 /* Project object */ = {
			isa = PBXProject;
			attributes = {
				LastSwiftUpdateCheck = 1200;
				LastUpgradeCheck = 1200;
				TargetAttributes = {
					8B2C8D5A2541DC3900239466 = {
						CreatedOnToolsVersion = 12.0.1;
					};
				};
			};
			buildConfigurationList = 8B2C8D562541DC3900239466 /* Build configuration list for PBXProject "Placeholders" */;
			compatibilityVersion = "Xcode 9.3";
			developmentRegion = en;
			hasScannedForEncodings = 0;
			knownRegions = (
				en,
				Base,
			);
			mainGroup = 8B2C8D522541DC3900239466;
			productRefGroup = 8B2C8D5C2541DC3900239466 /* Products */;
			projectDirPath = "";
			projectRoot = "";
			targets = (
				8B2C8D5A2541DC3900239466 /* Placeholders */,
			);
		};
/* End PBXProject section */

/* Begin PBXResourcesBuildPhase section */
		8B2C8D592541DC3900239466 /* Resources */ = {
			isa = PBXResourcesBuildPhase;
			buildActionMask = 2147483647;
			files = (
				8B2C8D662541DC3C00239466 /* Preview Assets.xcassets in Resources */,
				8B2C8D632541DC3C00239466 /* Assets.xcassets in Resources */,
			);
			runOnlyForDeploymentPostprocessing = 0;
		};
/* End PBXResourcesBuildPhase section */

/* Begin PBXSourcesBuildPhase section */
		8B2C8D572541DC3900239466 /* Sources */ = {
			isa = PBXSourcesBuildPhase;
			buildActionMask = 2147483647;
			files = (
				8BF148AA25480491005A4036 /* ViewModel.swift in Sources */,
				8BF148B325480E66005A4036 /* RedactionType.swift in Sources */,
				8BF148A725480487005A4036 /* Article.swift in Sources */,
				8BF148B625480EF8005A4036 /* Placeholders.swift in Sources */,
				8BF148B925481044005A4036 /* ContentView.swift in Sources */,
				8B2C8D5F2541DC3900239466 /* PlaceholdersApp.swift in Sources */,
			);
			runOnlyForDeploymentPostprocessing = 0;
		};
/* End PBXSourcesBuildPhase section */

/* Begin XCBuildConfiguration section */
		8B2C8D682541DC3C00239466 /* Debug */ = {
			isa = XCBuildConfiguration;
			buildSettings = {
				ALWAYS_SEARCH_USER_PATHS = NO;
				CLANG_ANALYZER_NONNULL = YES;
				CLANG_ANALYZER_NUMBER_OBJECT_CONVERSION = YES_AGGRESSIVE;
				CLANG_CXX_LANGUAGE_STANDARD = "gnu++14";
				CLANG_CXX_LIBRARY = "libc++";
				CLANG_ENABLE_MODULES = YES;
				CLANG_ENABLE_OBJC_ARC = YES;
				CLANG_ENABLE_OBJC_WEAK = YES;
				CLANG_WARN_BLOCK_CAPTURE_AUTORELEASING = YES;
				CLANG_WARN_BOOL_CONVERSION = YES;
				CLANG_WARN_COMMA = YES;
				CLANG_WARN_CONSTANT_CONVERSION = YES;
				CLANG_WARN_DEPRECATED_OBJC_IMPLEMENTATIONS = YES;
				CLANG_WARN_DIRECT_OBJC_ISA_USAGE = YES_ERROR;
				CLANG_WARN_DOCUMENTATION_COMMENTS = YES;
				CLANG_WARN_EMPTY_BODY = YES;
				CLANG_WARN_ENUM_CONVERSION = YES;
				CLANG_WARN_INFINITE_RECURSION = YES;
				CLANG_WARN_INT_CONVERSION = YES;
				CLANG_WARN_NON_LITERAL_NULL_CONVERSION = YES;
				CLANG_WARN_OBJC_IMPLICIT_RETAIN_SELF = YES;
				CLANG_WARN_OBJC_LITERAL_CONVERSION = YES;
				CLANG_WARN_OBJC_ROOT_CLASS = YES_ERROR;
				CLANG_WARN_QUOTED_INCLUDE_IN_FRAMEWORK_HEADER = YES;
				CLANG_WARN_RANGE_LOOP_ANALYSIS = YES;
				CLANG_WARN_STRICT_PROTOTYPES = YES;
				CLANG_WARN_SUSPICIOUS_MOVE = YES;
				CLANG_WARN_UNGUARDED_AVAILABILITY = YES_AGGRESSIVE;
				CLANG_WARN_UNREACHABLE_CODE = YES;
				CLANG_WARN__DUPLICATE_METHOD_MATCH = YES;
				COPY_PHASE_STRIP = NO;
				DEBUG_INFORMATION_FORMAT = dwarf;
				ENABLE_STRICT_OBJC_MSGSEND = YES;
				ENABLE_TESTABILITY = YES;
				GCC_C_LANGUAGE_STANDARD = gnu11;
				GCC_DYNAMIC_NO_PIC = NO;
				GCC_NO_COMMON_BLOCKS = YES;
				GCC_OPTIMIZATION_LEVEL = 0;
				GCC_PREPROCESSOR_DEFINITIONS = (
					"DEBUG=1",
					"$(inherited)",
				);
				GCC_WARN_64_TO_32_BIT_CONVERSION = YES;
				GCC_WARN_ABOUT_RETURN_TYPE = YES_ERROR;
				GCC_WARN_UNDECLARED_SELECTOR = YES;
				GCC_WARN_UNINITIALIZED_AUTOS = YES_AGGRESSIVE;
				GCC_WARN_UNUSED_FUNCTION = YES;
				GCC_WARN_UNUSED_VARIABLE = YES;
				IPHONEOS_DEPLOYMENT_TARGET = 14.0;
				MTL_ENABLE_DEBUG_INFO = INCLUDE_SOURCE;
				MTL_FAST_MATH = YES;
				ONLY_ACTIVE_ARCH = YES;
				SDKROOT = iphoneos;
				SWIFT_ACTIVE_COMPILATION_CONDITIONS = DEBUG;
				SWIFT_OPTIMIZATION_LEVEL = "-Onone";
			};
			name = Debug;
		};
		8B2C8D692541DC3C00239466 /* Release */ = {
			isa = XCBuildConfiguration;
			buildSettings = {
				ALWAYS_SEARCH_USER_PATHS = NO;
				CLANG_ANALYZER_NONNULL = YES;
				CLANG_ANALYZER_NUMBER_OBJECT_CONVERSION = YES_AGGRESSIVE;
				CLANG_CXX_LANGUAGE_STANDARD = "gnu++14";
				CLANG_CXX_LIBRARY = "libc++";
				CLANG_ENABLE_MODULES = YES;
				CLANG_ENABLE_OBJC_ARC = YES;
				CLANG_ENABLE_OBJC_WEAK = YES;
				CLANG_WARN_BLOCK_CAPTURE_AUTORELEASING = YES;
				CLANG_WARN_BOOL_CONVERSION = YES;
				CLANG_WARN_COMMA = YES;
				CLANG_WARN_CONSTANT_CONVERSION = YES;
				CLANG_WARN_DEPRECATED_OBJC_IMPLEMENTATIONS = YES;
				CLANG_WARN_DIRECT_OBJC_ISA_USAGE = YES_ERROR;
				CLANG_WARN_DOCUMENTATION_COMMENTS = YES;
				CLANG_WARN_EMPTY_BODY = YES;
				CLANG_WARN_ENUM_CONVERSION = YES;
				CLANG_WARN_INFINITE_RECURSION = YES;
				CLANG_WARN_INT_CONVERSION = YES;
				CLANG_WARN_NON_LITERAL_NULL_CONVERSION = YES;
				CLANG_WARN_OBJC_IMPLICIT_RETAIN_SELF = YES;
				CLANG_WARN_OBJC_LITERAL_CONVERSION = YES;
				CLANG_WARN_OBJC_ROOT_CLASS = YES_ERROR;
				CLANG_WARN_QUOTED_INCLUDE_IN_FRAMEWORK_HEADER = YES;
				CLANG_WARN_RANGE_LOOP_ANALYSIS = YES;
				CLANG_WARN_STRICT_PROTOTYPES = YES;
				CLANG_WARN_SUSPICIOUS_MOVE = YES;
				CLANG_WARN_UNGUARDED_AVAILABILITY = YES_AGGRESSIVE;
				CLANG_WARN_UNREACHABLE_CODE = YES;
				CLANG_WARN__DUPLICATE_METHOD_MATCH = YES;
				COPY_PHASE_STRIP = NO;
				DEBUG_INFORMATION_FORMAT = "dwarf-with-dsym";
				ENABLE_NS_ASSERTIONS = NO;
				ENABLE_STRICT_OBJC_MSGSEND = YES;
				GCC_C_LANGUAGE_STANDARD = gnu11;
				GCC_NO_COMMON_BLOCKS = YES;
				GCC_WARN_64_TO_32_BIT_CONVERSION = YES;
				GCC_WARN_ABOUT_RETURN_TYPE = YES_ERROR;
				GCC_WARN_UNDECLARED_SELECTOR = YES;
				GCC_WARN_UNINITIALIZED_AUTOS = YES_AGGRESSIVE;
				GCC_WARN_UNUSED_FUNCTION = YES;
				GCC_WARN_UNUSED_VARIABLE = YES;
				IPHONEOS_DEPLOYMENT_TARGET = 14.0;
				MTL_ENABLE_DEBUG_INFO = NO;
				MTL_FAST_MATH = YES;
				SDKROOT = iphoneos;
				SWIFT_COMPILATION_MODE = wholemodule;
				SWIFT_OPTIMIZATION_LEVEL = "-O";
				VALIDATE_PRODUCT = YES;
			};
			name = Release;
		};
		8B2C8D6B2541DC3C00239466 /* Debug */ = {
			isa = XCBuildConfiguration;
			buildSettings = {
				ASSETCATALOG_COMPILER_APPICON_NAME = AppIcon;
				ASSETCATALOG_COMPILER_GLOBAL_ACCENT_COLOR_NAME = AccentColor;
				CODE_SIGN_STYLE = Automatic;
				DEVELOPMENT_ASSET_PATHS = "\"Placeholders/Preview Content\"";
				DEVELOPMENT_TEAM = B7S28UQF8S;
				ENABLE_PREVIEWS = YES;
				INFOPLIST_FILE = Placeholders/Info.plist;
				IPHONEOS_DEPLOYMENT_TARGET = 14.0;
				LD_RUNPATH_SEARCH_PATHS = (
					"$(inherited)",
					"@executable_path/Frameworks",
				);
				PRODUCT_BUNDLE_IDENTIFIER = com.pabloblanco.Placeholders;
				PRODUCT_NAME = "$(TARGET_NAME)";
				SWIFT_VERSION = 5.0;
				TARGETED_DEVICE_FAMILY = "1,2";
			};
			name = Debug;
		};
		8B2C8D6C2541DC3C00239466 /* Release */ = {
			isa = XCBuildConfiguration;
			buildSettings = {
				ASSETCATALOG_COMPILER_APPICON_NAME = AppIcon;
				ASSETCATALOG_COMPILER_GLOBAL_ACCENT_COLOR_NAME = AccentColor;
				CODE_SIGN_STYLE = Automatic;
				DEVELOPMENT_ASSET_PATHS = "\"Placeholders/Preview Content\"";
				DEVELOPMENT_TEAM = B7S28UQF8S;
				ENABLE_PREVIEWS = YES;
				INFOPLIST_FILE = Placeholders/Info.plist;
				IPHONEOS_DEPLOYMENT_TARGET = 14.0;
				LD_RUNPATH_SEARCH_PATHS = (
					"$(inherited)",
					"@executable_path/Frameworks",
				);
				PRODUCT_BUNDLE_IDENTIFIER = com.pabloblanco.Placeholders;
				PRODUCT_NAME = "$(TARGET_NAME)";
				SWIFT_VERSION = 5.0;
				TARGETED_DEVICE_FAMILY = "1,2";
			};
			name = Release;
		};
/* End XCBuildConfiguration section */

/* Begin XCConfigurationList section */
		8B2C8D562541DC3900239466 /* Build configuration list for PBXProject "Placeholders" */ = {
			isa = XCConfigurationList;
			buildConfigurations = (
				8B2C8D682541DC3C00239466 /* Debug */,
				8B2C8D692541DC3C00239466 /* Release */,
			);
			defaultConfigurationIsVisible = 0;
			defaultConfigurationName = Release;
		};
		8B2C8D6A2541DC3C00239466 /* Build configuration list for PBXNativeTarget "Placeholders" */ = {
			isa = XCConfigurationList;
			buildConfigurations = (
				8B2C8D6B2541DC3C00239466 /* Debug */,
				8B2C8D6C2541DC3C00239466 /* Release */,
			);
			defaultConfigurationIsVisible = 0;
			defaultConfigurationName = Release;
		};
/* End XCConfigurationList section */
	};
	rootObject = 8B2C8D532541DC3900239466 /* Project object */;
}
